
Microsoft Visual Studio Solution File, Format Version 12.00
# Visual Studio Version 17
VisualStudioVersion = 17.7.34221.43
MinimumVisualStudioVersion = 10.0.40219.1
Project("{8BC9CEB8-8B4A-11D0-8D11-00A0C91BC942}") = "CodeLesson_06", "CodeLesson_06\CodeLesson_06.vcxproj", "{F7893182-0838-499D-B021-150E5FE0292B}"
EndProject
Global
	GlobalSection(SolutionConfigurationPlatforms) = preSolution
		Debug|x64 = Debug|x64
		Debug|x86 = Debug|x86
		Release|x64 = Release|x64
		Release|x86 = Release|x86
	EndGlobalSection
	GlobalSection(ProjectConfigurationPlatforms) = postSolution
		{F7893182-0838-499D-B021-150E5FE0292B}.Debug|x64.ActiveCfg = Debug|x64
		{F7893182-0838-499D-B021-150E5FE0292B}.Debug|x64.Build.0 = Debug|x64
		{F7893182-0838-499D-B021-150E5FE0292B}.Debug|x86.ActiveCfg = Debug|Win32
		{F7893182-0838-499D-B021-150E5FE0292B}.Debug|x86.Build.0 = Debug|Win32
		{F7893182-0838-499D-B021-150E5FE0292B}.Release|x64.ActiveCfg = Release|x64
		{F7893182-0838-499D-B021-150E5FE0292B}.Release|x64.Build.0 = Release|x64
		{F7893182-0838-499D-B021-150E5FE0292B}.Release|x86.ActiveCfg = Release|Win32
		{F7893182-0838-499D-B021-150E5FE0292B}.Release|x86.Build.0 = Release|Win32
	EndGlobalSection
	GlobalSection(SolutionProperties) = preSolution
		HideSolutionNode = FALSE
	EndGlobalSection
	GlobalSection(ExtensibilityGlobals) = postSolution
		SolutionGuid = {91736049-2767-40C0-B858-5A39D3E56788}
	EndGlobalSection
EndGlobal
